github.com/yalue/onnxruntime_go v1.19.0 h1:+qCu7/Nzrr/TY7B3sMy9sOATegP2qbtXn4b7q90fDOo=
github.com/yalue/onnxruntime_go v1.19.0/go.mod h1:b4X26A8pekNb1ACJ58wAXgNKeUCGEAQ9dmACut9Sm/4=
gocv.io/x/gocv v0.43.0 h1:PFNpRUcV8fgBRDbVHHN+4BDZjjPnVveo5N/+e15BTuA=
gocv.io/x/gocv v0.43.0/go.mod h1:zYdWMj29WAEznM3Y8NsU3A0TRq/wR/cy75jeUypThqU=
golang.org/x/sync v0.22.0 h1:SZjpbeLmrCk4xhRSZFNZW5gFUeCeFgjekvI/+gfScek=
golang.org/x/sync v0.22.0/go.mod h1:9xrNwdLfx4jkKbNva9FpL6vEN7evnE43NNNJQ2LF3+0=
golang.org/x/sys v0.47.0 h1:o7XGOvZQCADBQQ4Y7VNq2dRWQR7JmOUW8Kxx4ZsNgWs=
golang.org/x/sys v0.47.0/go.mod h1:4GL1E5IUh+htKOUEOaiffhrAeqysfVGipDYzABqnCmw=
