{
  "version": 2,
  "dependencies": {
    "net8.0": {
      "Microsoft.NET.Test.Sdk": {
        "type": "Direct",
        "requested": "[17.11.1, )",
        "resolved": "17.11.1",
        "contentHash": "U3Ty4BaGoEu+T2bwSko9tWqWUOU16WzSFkq6U8zve75oRBMSLTBdMAZrVNNz1Tq12aCdDom9fcOcM9QZaFHqFg==",
        "dependencies": {
          "Microsoft.CodeCoverage": "17.11.1",
          "Microsoft.TestPlatform.TestHost": "17.11.1"
        }
      },
      "NUnit": {
        "type": "Direct",
        "requested": "[4.2.2, )",
        "resolved": "4.2.2",
        "contentHash": "mon0OPko28yZ/foVXrhiUvq1LReaGsBdziumyyYGxV/pOE4q92fuYeN+AF+gEU5pCjzykcdBt5l7xobTaiBjsg=="
      },
      "NUnit3TestAdapter": {
        "type": "Direct",
        "requested": "[4.6.0, )",
        "resolved": "4.6.0",
        "contentHash": "R7e1+a4vuV/YS+ItfL7f//rG+JBvVeVLX4mHzFEZo4W1qEKl8Zz27AqvQSAqo+BtIzUCo4aAJMYa56VXS4hudw=="
      },
      "Microsoft.CodeCoverage": {
        "type": "Transitive",
        "resolved": "17.11.1",
        "contentHash": "nPJqrcA5iX+Y0kqoT3a+pD/8lrW/V7ayqnEJQsTonSoPz59J8bmoQhcSN4G8+UJ64Hkuf0zuxnfuj2lkHOq4cA=="
      },
      "Microsoft.ML.OnnxRuntime.Gpu.Linux": {
        "type": "Transitive",
        "resolved": "1.21.0",
        "contentHash": "hF3vrn8nOq/kyedjKEULdAkfgHXrmXTbpNwkDq1DnIZoZOSxmpVkD4JsO+eLlVjvs4IF52u7ROhqq79RJg66zg==",
        "dependencies": {
          "Microsoft.ML.OnnxRuntime.Managed": "1.21.0"
        }
      },
      "Microsoft.ML.OnnxRuntime.Gpu.Windows": {
        "type": "Transitive",
        "resolved": "1.21.0",
        "contentHash": "dB0RmUmJnmHdMSb7CMboMvMldeOLZ4iENuE9XYu6n8GtxsmW0kt93+Fym5tmcLc+XGanzC7HMGLlnQ7DVFysIg==",
        "dependencies": {
          "Microsoft.ML.OnnxRuntime.Managed": "1.21.0"
        }
      },
      "Microsoft.ML.OnnxRuntime.Managed": {
        "type": "Transitive",
        "resolved": "1.21.0",
        "contentHash": "Pp4PFhCELCMO8dWNbGK9Ge+Zh09xPVknmjvAgXIrLsfAgmv1It5aATP3UJTG/GBVzcvshDL/UI+KV9O8YQzkkQ==",
        "dependencies": {
          "System.Memory": "4.5.5",
          "System.Numerics.Tensors": "9.0.0"
        }
      },
      "Microsoft.TestPlatform.ObjectModel": {
        "type": "Transitive",
        "resolved": "17.11.1",
        "contentHash": "E2jZqAU6JeWEVsyOEOrSW1o1bpHLgb25ypvKNB/moBXPVsFYBPd/Jwi7OrYahG50J83LfHzezYI+GaEkpAotiA==",
        "dependencies": {
          "System.Reflection.Metadata": "1.6.0"
        }
      },
      "Microsoft.TestPlatform.TestHost": {
        "type": "Transitive",
        "resolved": "17.11.1",
        "contentHash": "DnG+GOqJXO/CkoqlJWeDFTgPhqD/V6VqUIL3vINizCWZ3X+HshCtbbyDdSHQQEjrc2Sl/K3yaxX6s+5LFEdYuw==",
        "dependencies": {
          "Microsoft.TestPlatform.ObjectModel": "17.11.1",
          "Newtonsoft.Json": "13.0.1"
        }
      },
      "Newtonsoft.Json": {
        "type": "Transitive",
        "resolved": "13.0.1",
        "contentHash": "ppPFpBcvxdsfUonNcvITKqLl3bqxWbDCZIzDWHzjpdAHRFfZe0Dw9HmA0+za13IdyrgJwpkDTDA9fHaxOrt20A=="
      },
      "System.Memory": {
        "type": "Transitive",
        "resolved": "4.6.3",
        "contentHash": "qdcDOgnFZY40+Q9876JUHnlHu7bosOHX8XISRoH94fwk6hgaeQGSgfZd8srWRZNt5bV9ZW2TljcegDNxsf+96A=="
      },
      "System.Numerics.Tensors": {
        "type": "Transitive",
        "resolved": "9.0.0",
        "contentHash": "hyJB4UlpAi19Xr9AXzu2NuagKC4lPfHObNMEAA0HmqFz2rX7wKgzeYzO/jM/eBHDhnUGFFEjk5cOoJaxqg5J4A=="
      },
      "System.Reflection.Metadata": {
        "type": "Transitive",
        "resolved": "1.6.0",
        "contentHash": "COC1aiAJjCoA5GBF+QKL2uLqEBew4JsCkQmoHKbN3TlOZKa2fKLz5CpiRQKDz0RsAOEGsVKqOD5bomsXq/4STQ=="
      },
      "russiandocs.documentprocessing": {
        "type": "Project",
        "dependencies": {
          "Microsoft.ML.OnnxRuntime.Gpu": "[1.21.0, )",
          "OpenCvSharp4": "[4.13.0.20260627, )",
          "OpenCvSharp4.runtime.win": "[4.13.0.20260627, )"
        }
      },
      "Microsoft.ML.OnnxRuntime.Gpu": {
        "type": "CentralTransitive",
        "requested": "[1.21.0, )",
        "resolved": "1.21.0",
        "contentHash": "JWs0FTw5O/6ZMyvqfTZHkNohyTQSK49WAPYl6MgYA+Wmyp+wxD5ThyxoHTWyjLJKGpnHxmAU5tGfr0jrl30Cmg==",
        "dependencies": {
          "Microsoft.ML.OnnxRuntime.Gpu.Linux": "1.21.0",
          "Microsoft.ML.OnnxRuntime.Gpu.Windows": "1.21.0",
          "Microsoft.ML.OnnxRuntime.Managed": "1.21.0"
        }
      },
      "OpenCvSharp4": {
        "type": "CentralTransitive",
        "requested": "[4.13.0.20260627, )",
        "resolved": "4.13.0.20260627",
        "contentHash": "nYk95jkyYY9f0sF5KqZ3OB1SWkmqsfV7eN0ROiQds/rxpSn0v1G0QIedMbwuqbdPhvQnOIG2DDmpkLnHEJMh8Q==",
        "dependencies": {
          "System.Memory": "4.6.3"
        }
      },
      "OpenCvSharp4.runtime.win": {
        "type": "CentralTransitive",
        "requested": "[4.13.0.20260627, )",
        "resolved": "4.13.0.20260627",
        "contentHash": "POIxR+CTpwHJIdam6wd8U2fprWv5QnIUw50jw79WEGb37He3T1h11SdtwSj9p2PLSfrzonMjO2t71wqi5uFsoQ=="
      }
    }
  }
}